
Microsoft Visual Studio Solution File, Format Version 12.00
# Visual Studio Version 17
VisualStudioVersion = 17.3.32929.385
MinimumVisualStudioVersion = 10.0.40219.1
Project("{FAE04EC0-301F-11D3-BF4B-00C04F79EFBC}") = "adventofcode2022", "adventofcode2022\adventofcode2022.csproj", "{D6846176-5A20-42FA-8DFB-34EDE1CD7284}"
EndProject
Global
	GlobalSection(SolutionConfigurationPlatforms) = preSolution
		Debug|Any CPU = Debug|Any CPU
		Release|Any CPU = Release|Any CPU
	EndGlobalSection
	GlobalSection(ProjectConfigurationPlatforms) = postSolution
		{D6846176-5A20-42FA-8DFB-34EDE1CD7284}.Debug|Any CPU.ActiveCfg = Debug|Any CPU
		{D6846176-5A20-42FA-8DFB-34EDE1CD7284}.Debug|Any CPU.Build.0 = Debug|Any CPU
		{D6846176-5A20-42FA-8DFB-34EDE1CD7284}.Release|Any CPU.ActiveCfg = Release|Any CPU
		{D6846176-5A20-42FA-8DFB-34EDE1CD7284}.Release|Any CPU.Build.0 = Release|Any CPU
	EndGlobalSection
	GlobalSection(SolutionProperties) = preSolution
		HideSolutionNode = FALSE
	EndGlobalSection
	GlobalSection(ExtensibilityGlobals) = postSolution
		SolutionGuid = {08DBFEED-9777-48C4-946D-B31789441F80}
	EndGlobalSection
EndGlobal
